
Microsoft Visual Studio Solution File, Format Version 12.00
# Visual Studio Version 16
VisualStudioVersion = 16.0.808.7
MinimumVisualStudioVersion = 10.0.40219.1
Project("{FAE04EC0-301F-11D3-BF4B-00C04F79EFBC}") = "CodeWarsMilitaryTime", "CodeWarsMilitaryTime\CodeWarsMilitaryTime.csproj", "{622BDF12-91A5-4B3F-8B28-A322FCC6B7C0}"
EndProject
Global
	GlobalSection(SolutionConfigurationPlatforms) = preSolution
		Debug|Any CPU = Debug|Any CPU
		Release|Any CPU = Release|Any CPU
	EndGlobalSection
	GlobalSection(ProjectConfigurationPlatforms) = postSolution
		{622BDF12-91A5-4B3F-8B28-A322FCC6B7C0}.Debug|Any CPU.ActiveCfg = Debug|Any CPU
		{622BDF12-91A5-4B3F-8B28-A322FCC6B7C0}.Debug|Any CPU.Build.0 = Debug|Any CPU
		{622BDF12-91A5-4B3F-8B28-A322FCC6B7C0}.Release|Any CPU.ActiveCfg = Release|Any CPU
		{622BDF12-91A5-4B3F-8B28-A322FCC6B7C0}.Release|Any CPU.Build.0 = Release|Any CPU
	EndGlobalSection
	GlobalSection(SolutionProperties) = preSolution
		HideSolutionNode = FALSE
	EndGlobalSection
	GlobalSection(ExtensibilityGlobals) = postSolution
		SolutionGuid = {64FC6682-B2EA-4D7A-81AA-08B9A84D5778}
	EndGlobalSection
EndGlobal
